Microsoft Visual Studio Solution File, Format Version 8.00
Project("{8BC9CEB8-8B4A-11D0-8D11-00A0C91BC942}") = "VTFLib", "VTFLib\VTFLib.vcproj", "{A10BFF3F-9C4B-4999-B56C-B9280BB4FDA9}"
	ProjectSection(ProjectDependencies) = postProject
	EndProjectSection
EndProject
Project("{8BC9CEB8-8B4A-11D0-8D11-00A0C91BC942}") = "VTFEdit", "VTFEdit\VTFEdit.vcproj", "{C0718102-155C-439F-843E-526CAF26B117}"
	ProjectSection(ProjectDependencies) = postProject
		{A10BFF3F-9C4B-4999-B56C-B9280BB4FDA9} = {A10BFF3F-9C4B-4999-B56C-B9280BB4FDA9}
	EndProjectSection
EndProject
Project("{8BC9CEB8-8B4A-11D0-8D11-00A0C91BC942}") = "VTFCmd", "VTFCmd\VTFCmd.vcproj", "{5B47F431-462D-4EBD-A622-713968F75E48}"
	ProjectSection(ProjectDependencies) = postProject
		{A10BFF3F-9C4B-4999-B56C-B9280BB4FDA9} = {A10BFF3F-9C4B-4999-B56C-B9280BB4FDA9}
	EndProjectSection
EndProject
Global
	GlobalSection(SolutionConfiguration) = preSolution
		Debug = Debug
		Release = Release
	EndGlobalSection
	GlobalSection(ProjectConfiguration) = postSolution
		{A10BFF3F-9C4B-4999-B56C-B9280BB4FDA9}.Debug.ActiveCfg = Debug|Win32
		{A10BFF3F-9C4B-4999-B56C-B9280BB4FDA9}.Debug.Build.0 = Debug|Win32
		{A10BFF3F-9C4B-4999-B56C-B9280BB4FDA9}.Release.ActiveCfg = Release|Win32
		{A10BFF3F-9C4B-4999-B56C-B9280BB4FDA9}.Release.Build.0 = Release|Win32
		{C0718102-155C-439F-843E-526CAF26B117}.Debug.ActiveCfg = Debug|Win32
		{C0718102-155C-439F-843E-526CAF26B117}.Debug.Build.0 = Debug|Win32
		{C0718102-155C-439F-843E-526CAF26B117}.Release.ActiveCfg = Release|Win32
		{C0718102-155C-439F-843E-526CAF26B117}.Release.Build.0 = Release|Win32
		{5B47F431-462D-4EBD-A622-713968F75E48}.Debug.ActiveCfg = Debug|Win32
		{5B47F431-462D-4EBD-A622-713968F75E48}.Debug.Build.0 = Debug|Win32
		{5B47F431-462D-4EBD-A622-713968F75E48}.Release.ActiveCfg = Release|Win32
		{5B47F431-462D-4EBD-A622-713968F75E48}.Release.Build.0 = Release|Win32
	EndGlobalSection
	GlobalSection(SolutionItems) = postSolution
		lib\VTFLib.h = lib\VTFLib.h
	EndGlobalSection
	GlobalSection(ExtensibilityGlobals) = postSolution
	EndGlobalSection
	GlobalSection(ExtensibilityAddIns) = postSolution
	EndGlobalSection
EndGlobal
