Microsoft Visual Studio Solution File, Format Version 8.00
Project("{8BC9CEB8-8B4A-11D0-8D11-00A0C91BC942}") = "HLLib", "HLLib\HLLib.vcproj", "{8E1124BD-382C-4E67-8A56-36CB6235FAAA}"
	ProjectSection(ProjectDependencies) = postProject
	EndProjectSection
EndProject
Project("{8BC9CEB8-8B4A-11D0-8D11-00A0C91BC942}") = "HLExtract", "HLExtract\HLExtract.vcproj", "{840C3BBF-63C3-48E5-8A56-4E2D616FF1AD}"
	ProjectSection(ProjectDependencies) = postProject
		{8E1124BD-382C-4E67-8A56-36CB6235FAAA} = {8E1124BD-382C-4E67-8A56-36CB6235FAAA}
	EndProjectSection
EndProject
Global
	GlobalSection(SolutionConfiguration) = preSolution
		Debug = Debug
		Release = Release
	EndGlobalSection
	GlobalSection(ProjectConfiguration) = postSolution
		{8E1124BD-382C-4E67-8A56-36CB6235FAAA}.Debug.ActiveCfg = Debug|Win32
		{8E1124BD-382C-4E67-8A56-36CB6235FAAA}.Debug.Build.0 = Debug|Win32
		{8E1124BD-382C-4E67-8A56-36CB6235FAAA}.Release.ActiveCfg = Release|Win32
		{8E1124BD-382C-4E67-8A56-36CB6235FAAA}.Release.Build.0 = Release|Win32
		{840C3BBF-63C3-48E5-8A56-4E2D616FF1AD}.Debug.ActiveCfg = Debug|Win32
		{840C3BBF-63C3-48E5-8A56-4E2D616FF1AD}.Debug.Build.0 = Debug|Win32
		{840C3BBF-63C3-48E5-8A56-4E2D616FF1AD}.Release.ActiveCfg = Release|Win32
		{840C3BBF-63C3-48E5-8A56-4E2D616FF1AD}.Release.Build.0 = Release|Win32
	EndGlobalSection
	GlobalSection(SolutionItems) = postSolution
		Lib\HLLib.h = Lib\HLLib.h
	EndGlobalSection
	GlobalSection(ExtensibilityGlobals) = postSolution
	EndGlobalSection
	GlobalSection(ExtensibilityAddIns) = postSolution
	EndGlobalSection
EndGlobal
